# Generated by pub
# See https://dart.dev/tools/pub/glossary#lockfile
packages:
  _flutterfire_internals:
    dependency: transitive
    description:
      name: _flutterfire_internals
      sha256: "737321f9be522620ed3794937298fb0027a48a402624fa2500f7532f94aea810"
      url: "https://pub.dev"
    source: hosted
    version: "1.3.22"
  archive:
    dependency: transitive
    description:
      name: archive
      sha256: "22600aa1e926be775fa5fe7e6894e7fb3df9efda8891c73f70fb3262399a432d"
      url: "https://pub.dev"
    source: hosted
    version: "3.4.10"
  args:
    dependency: transitive
    description:
      name: args
      sha256: eef6c46b622e0494a36c5a12d10d77fb4e855501a91c1b9ef9339326e58f0596
      url: "https://pub.dev"
    source: hosted
    version: "2.4.2"
  asn1lib:
    dependency: transitive
    description:
      name: asn1lib
      sha256: c9c85fedbe2188b95133cbe960e16f5f448860f7133330e272edbbca5893ddc6
      url: "https://pub.dev"
    source: hosted
    version: "1.5.2"
  async:
    dependency: transitive
    description:
      name: async
      sha256: "947bfcf187f74dbc5e146c9eb9c0f10c9f8b30743e341481c1e2ed3ecc18c20c"
      url: "https://pub.dev"
    source: hosted
    version: "2.11.0"
  bcrypt:
    dependency: "direct main"
    description:
      name: bcrypt
      sha256: "9dc3f234d5935a76917a6056613e1a6d9b53f7fa56f98e24cd49b8969307764b"
      url: "https://pub.dev"
    source: hosted
    version: "1.1.3"
  beautiful_soup_dart:
    dependency: transitive
    description:
      name: beautiful_soup_dart
      sha256: "57e23946c85776dd9515a4e9a14263fff37dbedbd559bc4412bf565886e12b10"
      url: "https://pub.dev"
    source: hosted
    version: "0.3.0"
  benchmark:
    dependency: transitive
    description:
      name: benchmark
      sha256: cb3eeea01e3f054df76ee9775ca680f3afa5f19f39b2bb426ba78ba27654493b
      url: "https://pub.dev"
    source: hosted
    version: "0.3.0"
  boolean_selector:
    dependency: transitive
    description:
      name: boolean_selector
      sha256: "6cfb5af12253eaf2b368f07bacc5a80d1301a071c73360d746b7f2e32d762c66"
      url: "https://pub.dev"
    source: hosted
    version: "2.1.1"
  carousel_slider:
    dependency: "direct main"
    description:
      name: carousel_slider
      sha256: "9c695cc963bf1d04a47bd6021f68befce8970bcd61d24938e1fb0918cf5d9c42"
      url: "https://pub.dev"
    source: hosted
    version: "4.2.1"
  characters:
    dependency: transitive
    description:
      name: characters
      sha256: "04a925763edad70e8443c99234dc3328f442e811f1d8fd1a72f1c8ad0f69a605"
      url: "https://pub.dev"
    source: hosted
    version: "1.3.0"
  chromadb:
    dependency: transitive
    description:
      name: chromadb
      sha256: bbee877a96a4e417ce66b2308d6bae05493db6af33357019461b032ee9e9d744
      url: "https://pub.dev"
    source: hosted
    version: "0.1.2"
  clock:
    dependency: transitive
    description:
      name: clock
      sha256: cb6d7f03e1de671e34607e909a7213e31d7752be4fb66a86d29fe1eb14bfb5cf
      url: "https://pub.dev"
    source: hosted
    version: "1.1.1"
  cloud_firestore:
    dependency: "direct main"
    description:
      name: cloud_firestore
      sha256: ace3c39ab716922420cd70399cbefe4bfdbd8ca8ac606bd735ca0b6d49770efc
      url: "https://pub.dev"
    source: hosted
    version: "4.15.2"
  cloud_firestore_platform_interface:
    dependency: transitive
    description:
      name: cloud_firestore_platform_interface
      sha256: "51270190f1bd5673f81f69375fd6de237935f503779f4c71b557ebe9446823a9"
      url: "https://pub.dev"
    source: hosted
    version: "6.1.3"
  cloud_firestore_web:
    dependency: transitive
    description:
      name: cloud_firestore_web
      sha256: b5e5a5967f513ee1ec4386ecb80a467b5ffc93d4278ed7e597743ad504650c9a
      url: "https://pub.dev"
    source: hosted
    version: "3.10.2"
  collection:
    dependency: transitive
    description:
      name: collection
      sha256: ee67cb0715911d28db6bf4af1026078bd6f0128b07a5f66fb2ed94ec6783c09a
      url: "https://pub.dev"
    source: hosted
    version: "1.18.0"
  convert:
    dependency: transitive
    description:
      name: convert
      sha256: "0f08b14755d163f6e2134cb58222dd25ea2a2ee8a195e53983d57c075324d592"
      url: "https://pub.dev"
    source: hosted
    version: "3.1.1"
  cross_file:
    dependency: transitive
    description:
      name: cross_file
      sha256: fedaadfa3a6996f75211d835aaeb8fede285dae94262485698afd832371b9a5e
      url: "https://pub.dev"
    source: hosted
    version: "0.3.3+8"
  crypto:
    dependency: "direct main"
    description:
      name: crypto
      sha256: ff625774173754681d66daaf4a448684fb04b78f902da9cb3d308c19cc5e8bab
      url: "https://pub.dev"
    source: hosted
    version: "3.0.3"
  csslib:
    dependency: transitive
    description:
      name: csslib
      sha256: "706b5707578e0c1b4b7550f64078f0a0f19dec3f50a178ffae7006b0a9ca58fb"
      url: "https://pub.dev"
    source: hosted
    version: "1.0.0"
  csv:
    dependency: transitive
    description:
      name: csv
      sha256: "63ed2871dd6471193dffc52c0e6c76fb86269c00244d244297abbb355c84a86e"
      url: "https://pub.dev"
    source: hosted
    version: "5.1.1"
  cupertino_icons:
    dependency: "direct main"
    description:
      name: cupertino_icons
      sha256: d57953e10f9f8327ce64a508a355f0b1ec902193f66288e8cb5070e7c47eeb2d
      url: "https://pub.dev"
    source: hosted
    version: "1.0.6"
  custom_date_range_picker:
    dependency: "direct main"
    description:
      name: custom_date_range_picker
      sha256: e2814b22af6fd72909f23a86400eec0454417e6955314e2bfb2ffd88019ac345
      url: "https://pub.dev"
    source: hosted
    version: "1.0.10"
  dart_sort_queue:
    dependency: transitive
    description:
      name: dart_sort_queue
      sha256: f3353ba8b4850e072d3368757f62edb79af34a9703c3e3df9c59342721f5f5b1
      url: "https://pub.dev"
    source: hosted
    version: "0.0.2+3"
  encrypt:
    dependency: "direct main"
    description:
      name: encrypt
      sha256: "62d9aa4670cc2a8798bab89b39fc71b6dfbacf615de6cf5001fb39f7e4a996a2"
      url: "https://pub.dev"
    source: hosted
    version: "5.0.3"
  enum_to_string:
    dependency: transitive
    description:
      name: enum_to_string
      sha256: bd9e83a33b754cb43a75b36a9af2a0b92a757bfd9847d2621ca0b1bed45f8e7a
      url: "https://pub.dev"
    source: hosted
    version: "2.0.1"
  extra_pedantic:
    dependency: transitive
    description:
      name: extra_pedantic
      sha256: eb9cc0842dc1c980f00fd226364456d2169d54f7118b8ae16443188063edce0b
      url: "https://pub.dev"
    source: hosted
    version: "1.5.0"
  fake_async:
    dependency: transitive
    description:
      name: fake_async
      sha256: "511392330127add0b769b75a987850d136345d9227c6b94c96a04cf4a391bf78"
      url: "https://pub.dev"
    source: hosted
    version: "1.3.1"
  fetch_api:
    dependency: transitive
    description:
      name: fetch_api
      sha256: "74a1e426d41ed9c89353703b2d80400c5d0ecfa144b2d8a7bd8882fbc9e48787"
      url: "https://pub.dev"
    source: hosted
    version: "1.0.3"
  fetch_client:
    dependency: transitive
    description:
      name: fetch_client
      sha256: "83c07b07a63526a43630572c72715707ca113a8aa3459efbc7b2d366b79402af"
      url: "https://pub.dev"
    source: hosted
    version: "1.0.2"
  ffi:
    dependency: transitive
    description:
      name: ffi
      sha256: "7bf0adc28a23d395f19f3f1eb21dd7cfd1dd9f8e1c50051c069122e6853bc878"
      url: "https://pub.dev"
    source: hosted
    version: "2.1.0"
  file:
    dependency: transitive
    description:
      name: file
      sha256: "5fc22d7c25582e38ad9a8515372cd9a93834027aacf1801cf01164dac0ffa08c"
      url: "https://pub.dev"
    source: hosted
    version: "7.0.0"
  file_selector_linux:
    dependency: transitive
    description:
      name: file_selector_linux
      sha256: "045d372bf19b02aeb69cacf8b4009555fb5f6f0b7ad8016e5f46dd1387ddd492"
      url: "https://pub.dev"
    source: hosted
    version: "0.9.2+1"
  file_selector_macos:
    dependency: transitive
    description:
      name: file_selector_macos
      sha256: b15c3da8bd4908b9918111fa486903f5808e388b8d1c559949f584725a6594d6
      url: "https://pub.dev"
    source: hosted
    version: "0.9.3+3"
  file_selector_platform_interface:
    dependency: transitive
    description:
      name: file_selector_platform_interface
      sha256: a3994c26f10378a039faa11de174d7b78eb8f79e4dd0af2a451410c1a5c3f66b
      url: "https://pub.dev"
    source: hosted
    version: "2.6.2"
  file_selector_windows:
    dependency: transitive
    description:
      name: file_selector_windows
      sha256: d3547240c20cabf205c7c7f01a50ecdbc413755814d6677f3cb366f04abcead0
      url: "https://pub.dev"
    source: hosted
    version: "0.9.3+1"
  firebase_core:
    dependency: "direct main"
    description:
      name: firebase_core
      sha256: "7e049e32a9d347616edb39542cf92cd53fdb4a99fb6af0a0bff327c14cd76445"
      url: "https://pub.dev"
    source: hosted
    version: "2.25.4"
  firebase_core_platform_interface:
    dependency: transitive
    description:
      name: firebase_core_platform_interface
      sha256: c437ae5d17e6b5cc7981cf6fd458a5db4d12979905f9aafd1fea930428a9fe63
      url: "https://pub.dev"
    source: hosted
    version: "5.0.0"
  firebase_core_web:
    dependency: transitive
    description:
      name: firebase_core_web
      sha256: "57e61d6010e253b36d38191cefd6199d7849152cdcd234b61ca290cdb278a0ba"
      url: "https://pub.dev"
    source: hosted
    version: "2.11.4"
  firebase_storage:
    dependency: "direct main"
    description:
      name: firebase_storage
      sha256: a07433d3ffe948f7a10086e4b0bd3a940be4ed873cffd24746eed1896b568369
      url: "https://pub.dev"
    source: hosted
    version: "11.6.6"
  firebase_storage_platform_interface:
    dependency: transitive
    description:
      name: firebase_storage_platform_interface
      sha256: af99d9fcf058d6f3a591cea899cad054ded7adb21fb1788dfe65c3e223196b15
      url: "https://pub.dev"
    source: hosted
    version: "5.1.9"
  firebase_storage_web:
    dependency: transitive
    description:
      name: firebase_storage_web
      sha256: "06a684016de9609928865798dece0f7d34782a15a76f5ac08bd3a8780035b0b2"
      url: "https://pub.dev"
    source: hosted
    version: "3.7.0"
  fixnum:
    dependency: transitive
    description:
      name: fixnum
      sha256: "25517a4deb0c03aa0f32fd12db525856438902d9c16536311e76cdc57b31d7d1"
      url: "https://pub.dev"
    source: hosted
    version: "1.1.0"
  flutter:
    dependency: "direct main"
    description: flutter
    source: sdk
    version: "0.0.0"
  flutter_hooks:
    dependency: "direct main"
    description:
      name: flutter_hooks
      sha256: cde36b12f7188c85286fba9b38cc5a902e7279f36dd676967106c041dc9dde70
      url: "https://pub.dev"
    source: hosted
    version: "0.20.5"
  flutter_launcher_icons:
    dependency: "direct main"
    description:
      name: flutter_launcher_icons
      sha256: "559c600f056e7c704bd843723c21e01b5fba47e8824bd02422165bcc02a5de1d"
      url: "https://pub.dev"
    source: hosted
    version: "0.9.3"
  flutter_lints:
    dependency: "direct dev"
    description:
      name: flutter_lints
      sha256: e2a421b7e59244faef694ba7b30562e489c2b489866e505074eb005cd7060db7
      url: "https://pub.dev"
    source: hosted
    version: "3.0.1"
  flutter_plugin_android_lifecycle:
    dependency: transitive
    description:
      name: flutter_plugin_android_lifecycle
      sha256: b068ffc46f82a55844acfa4fdbb61fad72fa2aef0905548419d97f0f95c456da
      url: "https://pub.dev"
    source: hosted
    version: "2.0.17"
  flutter_test:
    dependency: "direct dev"
    description: flutter
    source: sdk
    version: "0.0.0"
  flutter_web_plugins:
    dependency: transitive
    description: flutter
    source: sdk
    version: "0.0.0"
  font_awesome_flutter:
    dependency: "direct main"
    description:
      name: font_awesome_flutter
      sha256: "275ff26905134bcb59417cf60ad979136f1f8257f2f449914b2c3e05bbb4cd6f"
      url: "https://pub.dev"
    source: hosted
    version: "10.7.0"
  freezed_annotation:
    dependency: transitive
    description:
      name: freezed_annotation
      sha256: c3fd9336eb55a38cc1bbd79ab17573113a8deccd0ecbbf926cca3c62803b5c2d
      url: "https://pub.dev"
    source: hosted
    version: "2.4.1"
  geodesy:
    dependency: transitive
    description:
      name: geodesy
      sha256: d9959000de938adf760f946546ccbf9ebdff8f4f6d0b5c54e8b8b1ed350b1028
      url: "https://pub.dev"
    source: hosted
    version: "0.4.0-nullsafety.0"
  geojson:
    dependency: "direct main"
    description:
      name: geojson
      sha256: "8aab8116d074e92ef2d1ade25ec5ae90ea8bf024a920ab46703c433ffe08878f"
      url: "https://pub.dev"
    source: hosted
    version: "1.0.0"
  geopoint:
    dependency: transitive
    description:
      name: geopoint
      sha256: "594afb50a689e6584b80b7de8332c83a78e50725dc4324b2c014d19c56de5e3f"
      url: "https://pub.dev"
    source: hosted
    version: "1.0.0"
  go_router:
    dependency: "direct main"
    description:
      name: go_router
      sha256: "07ee2436909f749d606f53521dc1725dd738dc5196e5ff815bc254253c594075"
      url: "https://pub.dev"
    source: hosted
    version: "13.1.0"
  html:
    dependency: transitive
    description:
      name: html
      sha256: "3a7812d5bcd2894edf53dfaf8cd640876cf6cef50a8f238745c8b8120ea74d3a"
      url: "https://pub.dev"
    source: hosted
    version: "0.15.4"
  http:
    dependency: "direct main"
    description:
      name: http
      sha256: d4872660c46d929f6b8a9ef4e7a7eff7e49bbf0c4ec3f385ee32df5119175139
      url: "https://pub.dev"
    source: hosted
    version: "1.1.2"
  http_parser:
    dependency: transitive
    description:
      name: http_parser
      sha256: "2aa08ce0341cc9b354a498388e30986515406668dbcc4f7c950c3e715496693b"
      url: "https://pub.dev"
    source: hosted
    version: "4.0.2"
  image:
    dependency: transitive
    description:
      name: image
      sha256: "8e9d133755c3e84c73288363e6343157c383a0c6c56fc51afcc5d4d7180306d6"
      url: "https://pub.dev"
    source: hosted
    version: "3.3.0"
  image_picker:
    dependency: "direct main"
    description:
      name: image_picker
      sha256: "26222b01a0c9a2c8fe02fc90b8208bd3325da5ed1f4a2acabf75939031ac0bdd"
      url: "https://pub.dev"
    source: hosted
    version: "1.0.7"
  image_picker_android:
    dependency: transitive
    description:
      name: image_picker_android
      sha256: "39f2bfe497e495450c81abcd44b62f56c2a36a37a175da7d137b4454977b51b1"
      url: "https://pub.dev"
    source: hosted
    version: "0.8.9+3"
  image_picker_for_web:
    dependency: transitive
    description:
      name: image_picker_for_web
      sha256: e2423c53a68b579a7c37a1eda967b8ae536c3d98518e5db95ca1fe5719a730a3
      url: "https://pub.dev"
    source: hosted
    version: "3.0.2"
  image_picker_ios:
    dependency: transitive
    description:
      name: image_picker_ios
      sha256: fadafce49e8569257a0cad56d24438a6fa1f0cbd7ee0af9b631f7492818a4ca3
      url: "https://pub.dev"
    source: hosted
    version: "0.8.9+1"
  image_picker_linux:
    dependency: transitive
    description:
      name: image_picker_linux
      sha256: "4ed1d9bb36f7cd60aa6e6cd479779cc56a4cb4e4de8f49d487b1aaad831300fa"
      url: "https://pub.dev"
    source: hosted
    version: "0.2.1+1"
  image_picker_macos:
    dependency: transitive
    description:
      name: image_picker_macos
      sha256: "3f5ad1e8112a9a6111c46d0b57a7be2286a9a07fc6e1976fdf5be2bd31d4ff62"
      url: "https://pub.dev"
    source: hosted
    version: "0.2.1+1"
  image_picker_platform_interface:
    dependency: transitive
    description:
      name: image_picker_platform_interface
      sha256: fa4e815e6fcada50e35718727d83ba1c92f1edf95c0b4436554cec301b56233b
      url: "https://pub.dev"
    source: hosted
    version: "2.9.3"
  image_picker_windows:
    dependency: transitive
    description:
      name: image_picker_windows
      sha256: "6ad07afc4eb1bc25f3a01084d28520496c4a3bb0cb13685435838167c9dcedeb"
      url: "https://pub.dev"
    source: hosted
    version: "0.2.1+1"
  intl:
    dependency: "direct main"
    description:
      name: intl
      sha256: "3bc132a9dbce73a7e4a21a17d06e1878839ffbf975568bc875c60537824b0c4d"
      url: "https://pub.dev"
    source: hosted
    version: "0.18.1"
  iregexp:
    dependency: transitive
    description:
      name: iregexp
      sha256: "143859dcaeecf6f683102786762d70a47ef8441a0d2287a158172d32d38799cf"
      url: "https://pub.dev"
    source: hosted
    version: "0.1.2"
  iso:
    dependency: transitive
    description:
      name: iso
      sha256: "7030a1a096f7924deb6cccde6c7d80473dddd54eeedf20402e3d6e51b1672b27"
      url: "https://pub.dev"
    source: hosted
    version: "1.0.0"
  js:
    dependency: transitive
    description:
      name: js
      sha256: f2c445dce49627136094980615a031419f7f3eb393237e4ecd97ac15dea343f3
      url: "https://pub.dev"
    source: hosted
    version: "0.6.7"
  json_annotation:
    dependency: transitive
    description:
      name: json_annotation
      sha256: b10a7b2ff83d83c777edba3c6a0f97045ddadd56c944e1a23a3fdf43a1bf4467
      url: "https://pub.dev"
    source: hosted
    version: "4.8.1"
  json_path:
    dependency: transitive
    description:
      name: json_path
      sha256: b1a3e5e34c862a6ca598e226e725647e462bde9fd98dbfa21bb53e105efeb177
      url: "https://pub.dev"
    source: hosted
    version: "0.7.0"
  langchain:
    dependency: "direct main"
    description:
      name: langchain
      sha256: "2c95d34523a0733a2644bb2cf1dc6ec7803413e550889a389eeb3b5841bf3a3f"
      url: "https://pub.dev"
    source: hosted
    version: "0.4.2"
  langchain_chroma:
    dependency: "direct main"
    description:
      name: langchain_chroma
      sha256: c9a03a409646883972b9ffdce4701ae920a46e478d9c6064d2e0be6667dd09a1
      url: "https://pub.dev"
    source: hosted
    version: "0.1.1"
  langchain_openai:
    dependency: "direct main"
    description:
      name: langchain_openai
      sha256: c95380a31643d6c45ffc2e054bf032315b0023ff97f8e1530dd90baa8b7fb350
      url: "https://pub.dev"
    source: hosted
    version: "0.4.1"
  langchain_pinecone:
    dependency: "direct main"
    description:
      name: langchain_pinecone
      sha256: f5f6e8148c9599f49fd537358d4296aec0f708e75b1df8bacf14c9f051dcfb62
      url: "https://pub.dev"
    source: hosted
    version: "0.0.7"
  langchain_tiktoken:
    dependency: transitive
    description:
      name: langchain_tiktoken
      sha256: c1804f4b3e56574ca67e562305d9f11e3eabe3c8aa87fea8635992f7efc66674
      url: "https://pub.dev"
    source: hosted
    version: "1.0.1"
  latlong2:
    dependency: transitive
    description:
      name: latlong2
      sha256: "08ef7282ba9f76e8495e49e2dc4d653015ac929dce5f92b375a415d30b407ea0"
      url: "https://pub.dev"
    source: hosted
    version: "0.8.2"
  lints:
    dependency: transitive
    description:
      name: lints
      sha256: cbf8d4b858bb0134ef3ef87841abdf8d63bfc255c266b7bf6b39daa1085c4290
      url: "https://pub.dev"
    source: hosted
    version: "3.0.0"
  logging:
    dependency: transitive
    description:
      name: logging
      sha256: "623a88c9594aa774443aa3eb2d41807a48486b5613e67599fb4c41c0ad47c340"
      url: "https://pub.dev"
    source: hosted
    version: "1.2.0"
  mapbox_maps_flutter:
    dependency: "direct main"
    description:
      name: mapbox_maps_flutter
      sha256: "713c3d8080f29c371fef93d7a96cf40f5c71fdc29282b3a2ca5deba8fbf12098"
      url: "https://pub.dev"
    source: hosted
    version: "0.5.1"
  matcher:
    dependency: transitive
    description:
      name: matcher
      sha256: "1803e76e6653768d64ed8ff2e1e67bea3ad4b923eb5c56a295c3e634bad5960e"
      url: "https://pub.dev"
    source: hosted
    version: "0.12.16"
  material_color_utilities:
    dependency: transitive
    description:
      name: material_color_utilities
      sha256: "9528f2f296073ff54cb9fee677df673ace1218163c3bc7628093e7eed5203d41"
      url: "https://pub.dev"
    source: hosted
    version: "0.5.0"
  math_expressions:
    dependency: transitive
    description:
      name: math_expressions
      sha256: "3576593617c3870d75728a751f6ec6e606706d44e363f088ac394b5a28a98064"
      url: "https://pub.dev"
    source: hosted
    version: "2.4.0"
  maybe_just_nothing:
    dependency: transitive
    description:
      name: maybe_just_nothing
      sha256: "0c06326e26d08f6ed43247404376366dc4d756cef23a4f1db765f546224c35e0"
      url: "https://pub.dev"
    source: hosted
    version: "0.5.3"
  meta:
    dependency: transitive
    description:
      name: meta
      sha256: a6e590c838b18133bb482a2745ad77c5bb7715fb0451209e1a7567d416678b8e
      url: "https://pub.dev"
    source: hosted
    version: "1.10.0"
  mime:
    dependency: transitive
    description:
      name: mime
      sha256: "2e123074287cc9fd6c09de8336dae606d1ddb88d9ac47358826db698c176a1f2"
      url: "https://pub.dev"
    source: hosted
    version: "1.0.5"
  openai_dart:
    dependency: transitive
    description:
      name: openai_dart
      sha256: "8bea019d633960d352cdefeeaf66856109b6bfdc3f91384dede41015b6b8d1c7"
      url: "https://pub.dev"
    source: hosted
    version: "0.1.7"
  path:
    dependency: transitive
    description:
      name: path
      sha256: "8829d8a55c13fc0e37127c29fedf290c102f4e40ae94ada574091fe0ff96c917"
      url: "https://pub.dev"
    source: hosted
    version: "1.8.3"
  path_provider_linux:
    dependency: transitive
    description:
      name: path_provider_linux
      sha256: f7a1fe3a634fe7734c8d3f2766ad746ae2a2884abe22e241a8b301bf5cac3279
      url: "https://pub.dev"
    source: hosted
    version: "2.2.1"
  path_provider_platform_interface:
    dependency: transitive
    description:
      name: path_provider_platform_interface
      sha256: "88f5779f72ba699763fa3a3b06aa4bf6de76c8e5de842cf6f29e2e06476c2334"
      url: "https://pub.dev"
    source: hosted
    version: "2.1.2"
  path_provider_windows:
    dependency: transitive
    description:
      name: path_provider_windows
      sha256: "8bc9f22eee8690981c22aa7fc602f5c85b497a6fb2ceb35ee5a5e5ed85ad8170"
      url: "https://pub.dev"
    source: hosted
    version: "2.2.1"
  pedantic:
    dependency: transitive
    description:
      name: pedantic
      sha256: "67fc27ed9639506c856c840ccce7594d0bdcd91bc8d53d6e52359449a1d50602"
      url: "https://pub.dev"
    source: hosted
    version: "1.11.1"
  permission_handler:
    dependency: "direct main"
    description:
      name: permission_handler
      sha256: "860c6b871c94c78e202dc69546d4d8fd84bd59faeb36f8fb9888668a53ff4f78"
      url: "https://pub.dev"
    source: hosted
    version: "11.1.0"
  permission_handler_android:
    dependency: transitive
    description:
      name: permission_handler_android
      sha256: "2f1bec180ee2f5665c22faada971a8f024761f632e93ddc23310487df52dcfa6"
      url: "https://pub.dev"
    source: hosted
    version: "12.0.1"
  permission_handler_apple:
    dependency: transitive
    description:
      name: permission_handler_apple
      sha256: "1a816084338ada8d574b1cb48390e6e8b19305d5120fe3a37c98825bacc78306"
      url: "https://pub.dev"
    source: hosted
    version: "9.2.0"
  permission_handler_html:
    dependency: transitive
    description:
      name: permission_handler_html
      sha256: "11b762a8c123dced6461933a88ea1edbbe036078c3f9f41b08886e678e7864df"
      url: "https://pub.dev"
    source: hosted
    version: "0.1.0+2"
  permission_handler_platform_interface:
    dependency: transitive
    description:
      name: permission_handler_platform_interface
      sha256: d87349312f7eaf6ce0adaf668daf700ac5b06af84338bd8b8574dfbd93ffe1a1
      url: "https://pub.dev"
    source: hosted
    version: "4.0.2"
  permission_handler_windows:
    dependency: transitive
    description:
      name: permission_handler_windows
      sha256: "1e8640c1e39121128da6b816d236e714d2cf17fac5a105dd6acdd3403a628004"
      url: "https://pub.dev"
    source: hosted
    version: "0.2.0"
  petitparser:
    dependency: transitive
    description:
      name: petitparser
      sha256: c15605cd28af66339f8eb6fbe0e541bfe2d1b72d5825efc6598f3e0a31b9ad27
      url: "https://pub.dev"
    source: hosted
    version: "6.0.2"
  pinecone:
    dependency: transitive
    description:
      name: pinecone
      sha256: a550434ea1bc0d9e0762c0dbf40b864837326f35230126d3d1e0780961d71e54
      url: "https://pub.dev"
    source: hosted
    version: "0.7.2"
  platform:
    dependency: transitive
    description:
      name: platform
      sha256: "12220bb4b65720483f8fa9450b4332347737cf8213dd2840d8b2c823e47243ec"
      url: "https://pub.dev"
    source: hosted
    version: "3.1.4"
  plugin_platform_interface:
    dependency: transitive
    description:
      name: plugin_platform_interface
      sha256: "4820fbfdb9478b1ebae27888254d445073732dae3d6ea81f0b7e06d5dedc3f02"
      url: "https://pub.dev"
    source: hosted
    version: "2.1.8"
  pointycastle:
    dependency: "direct main"
    description:
      name: pointycastle
      sha256: "43ac87de6e10afabc85c445745a7b799e04de84cebaa4fd7bf55a5e1e9604d29"
      url: "https://pub.dev"
    source: hosted
    version: "3.7.4"
  rbush:
    dependency: transitive
    description:
      name: rbush
      sha256: "48b683421b4afb43a642f82c6aa31911e54f3069143d31c7d33cbe329df13403"
      url: "https://pub.dev"
    source: hosted
    version: "1.1.1"
  rfc_6901:
    dependency: transitive
    description:
      name: rfc_6901
      sha256: df1bbfa3d023009598f19636d6114c6ac1e0b7bb7bf6a260f0e6e6ce91416820
      url: "https://pub.dev"
    source: hosted
    version: "0.2.0"
  shared_preferences:
    dependency: "direct main"
    description:
      name: shared_preferences
      sha256: "81429e4481e1ccfb51ede496e916348668fd0921627779233bd24cc3ff6abd02"
      url: "https://pub.dev"
    source: hosted
    version: "2.2.2"
  shared_preferences_android:
    dependency: transitive
    description:
      name: shared_preferences_android
      sha256: "8568a389334b6e83415b6aae55378e158fbc2314e074983362d20c562780fb06"
      url: "https://pub.dev"
    source: hosted
    version: "2.2.1"
  shared_preferences_foundation:
    dependency: transitive
    description:
      name: shared_preferences_foundation
      sha256: "7708d83064f38060c7b39db12aefe449cb8cdc031d6062280087bc4cdb988f5c"
      url: "https://pub.dev"
    source: hosted
    version: "2.3.5"
  shared_preferences_linux:
    dependency: transitive
    description:
      name: shared_preferences_linux
      sha256: "9f2cbcf46d4270ea8be39fa156d86379077c8a5228d9dfdb1164ae0bb93f1faa"
      url: "https://pub.dev"
    source: hosted
    version: "2.3.2"
  shared_preferences_platform_interface:
    dependency: transitive
    description:
      name: shared_preferences_platform_interface
      sha256: "22e2ecac9419b4246d7c22bfbbda589e3acf5c0351137d87dd2939d984d37c3b"
      url: "https://pub.dev"
    source: hosted
    version: "2.3.2"
  shared_preferences_web:
    dependency: transitive
    description:
      name: shared_preferences_web
      sha256: "7b15ffb9387ea3e237bb7a66b8a23d2147663d391cafc5c8f37b2e7b4bde5d21"
      url: "https://pub.dev"
    source: hosted
    version: "2.2.2"
  shared_preferences_windows:
    dependency: transitive
    description:
      name: shared_preferences_windows
      sha256: "841ad54f3c8381c480d0c9b508b89a34036f512482c407e6df7a9c4aa2ef8f59"
      url: "https://pub.dev"
    source: hosted
    version: "2.3.2"
  simple_gesture_detector:
    dependency: transitive
    description:
      name: simple_gesture_detector
      sha256: "86d08f85f1f58583b7b4b941d989f48ea6ce08c1724a1d10954a277c2ec36592"
      url: "https://pub.dev"
    source: hosted
    version: "0.2.0"
  sky_engine:
    dependency: transitive
    description: flutter
    source: sdk
    version: "0.0.99"
  slugify:
    dependency: transitive
    description:
      name: slugify
      sha256: b272501565cb28050cac2d96b7bf28a2d24c8dae359280361d124f3093d337c3
      url: "https://pub.dev"
    source: hosted
    version: "2.0.0"
  source_span:
    dependency: transitive
    description:
      name: source_span
      sha256: "53e943d4206a5e30df338fd4c6e7a077e02254531b138a15aec3bd143c1a8b3c"
      url: "https://pub.dev"
    source: hosted
    version: "1.10.0"
  sprintf:
    dependency: transitive
    description:
      name: sprintf
      sha256: "1fc9ffe69d4df602376b52949af107d8f5703b77cda567c4d7d86a0693120f23"
      url: "https://pub.dev"
    source: hosted
    version: "7.0.0"
  stack_trace:
    dependency: transitive
    description:
      name: stack_trace
      sha256: "73713990125a6d93122541237550ee3352a2d84baad52d375a4cad2eb9b7ce0b"
      url: "https://pub.dev"
    source: hosted
    version: "1.11.1"
  stream_channel:
    dependency: transitive
    description:
      name: stream_channel
      sha256: ba2aa5d8cc609d96bbb2899c28934f9e1af5cddbd60a827822ea467161eb54e7
      url: "https://pub.dev"
    source: hosted
    version: "2.1.2"
  string_scanner:
    dependency: transitive
    description:
      name: string_scanner
      sha256: "556692adab6cfa87322a115640c11f13cb77b3f076ddcc5d6ae3c20242bedcde"
      url: "https://pub.dev"
    source: hosted
    version: "1.2.0"
  sweepline_intersections:
    dependency: transitive
    description:
      name: sweepline_intersections
      sha256: "924fce1b02b9783fae5ca33ba4f2cc33743b0422b8b829fac60bcd3717a69afb"
      url: "https://pub.dev"
    source: hosted
    version: "0.0.3+2"
  syncfusion_flutter_calendar:
    dependency: "direct main"
    description:
      name: syncfusion_flutter_calendar
      sha256: ac959ddb9d2d3d153bcacb061167fe5fc559d213598f4481058f641938b73151
      url: "https://pub.dev"
    source: hosted
    version: "24.1.47"
  syncfusion_flutter_core:
    dependency: transitive
    description:
      name: syncfusion_flutter_core
      sha256: ed8527189f874b9d07f78f2f4306739ce003e8baccfdd7453c0098beef16428f
      url: "https://pub.dev"
    source: hosted
    version: "24.1.47"
  syncfusion_flutter_datepicker:
    dependency: "direct main"
    description:
      name: syncfusion_flutter_datepicker
      sha256: "374ab719b7591af6bf81dabe2db60fa85968bbf4d29522fe61979344454dcc7a"
      url: "https://pub.dev"
    source: hosted
    version: "24.1.47"
  syncfusion_flutter_gauges:
    dependency: "direct main"
    description:
      name: syncfusion_flutter_gauges
      sha256: "0b27649060546b03beaba63b24451f9192a042213291005a0c97bdd06c30b52e"
      url: "https://pub.dev"
    source: hosted
    version: "24.1.47"
  table_calendar:
    dependency: "direct main"
    description:
      name: table_calendar
      sha256: "1e3521a3e6d3fc7f645a58b135ab663d458ab12504f1ea7f9b4b81d47086c478"
      url: "https://pub.dev"
    source: hosted
    version: "3.0.9"
  term_glyph:
    dependency: transitive
    description:
      name: term_glyph
      sha256: a29248a84fbb7c79282b40b8c72a1209db169a2e0542bce341da992fe1bc7e84
      url: "https://pub.dev"
    source: hosted
    version: "1.2.1"
  test_api:
    dependency: transitive
    description:
      name: test_api
      sha256: "5c2f730018264d276c20e4f1503fd1308dfbbae39ec8ee63c5236311ac06954b"
      url: "https://pub.dev"
    source: hosted
    version: "0.6.1"
  timezone:
    dependency: "direct main"
    description:
      name: timezone
      sha256: "1cfd8ddc2d1cfd836bc93e67b9be88c3adaeca6f40a00ca999104c30693cdca0"
      url: "https://pub.dev"
    source: hosted
    version: "0.9.2"
  turf:
    dependency: "direct main"
    description:
      name: turf
      sha256: "2be48cc7ed7e9acccaeee18e06d1ce183f3f7eee7abc0622371880951d41a0d6"
      url: "https://pub.dev"
    source: hosted
    version: "0.0.8"
  turf_equality:
    dependency: transitive
    description:
      name: turf_equality
      sha256: "2ae3b117afd5fb134412a245a883589cae80d9d9472c587f754a0c34f82fa1b9"
      url: "https://pub.dev"
    source: hosted
    version: "0.0.2"
  turf_pip:
    dependency: transitive
    description:
      name: turf_pip
      sha256: "2b33d14ad979e4c33a4f01949b62510356d28037062bd45b60752e4dec9e7dd1"
      url: "https://pub.dev"
    source: hosted
    version: "0.0.1+1"
  typed_data:
    dependency: transitive
    description:
      name: typed_data
      sha256: facc8d6582f16042dd49f2463ff1bd6e2c9ef9f3d5da3d9b087e244a7b564b3c
      url: "https://pub.dev"
    source: hosted
    version: "1.3.2"
  uuid:
    dependency: transitive
    description:
      name: uuid
      sha256: cd210a09f7c18cbe5a02511718e0334de6559871052c90a90c0cca46a4aa81c8
      url: "https://pub.dev"
    source: hosted
    version: "4.3.3"
  vector_math:
    dependency: transitive
    description:
      name: vector_math
      sha256: "80b3257d1492ce4d091729e3a67a60407d227c27241d6927be0130c98e741803"
      url: "https://pub.dev"
    source: hosted
    version: "2.1.4"
  web:
    dependency: transitive
    description:
      name: web
      sha256: afe077240a270dcfd2aafe77602b4113645af95d0ad31128cc02bce5ac5d5152
      url: "https://pub.dev"
    source: hosted
    version: "0.3.0"
  win32:
    dependency: transitive
    description:
      name: win32
      sha256: "464f5674532865248444b4c3daca12bd9bf2d7c47f759ce2617986e7229494a8"
      url: "https://pub.dev"
    source: hosted
    version: "5.2.0"
  xdg_directories:
    dependency: transitive
    description:
      name: xdg_directories
      sha256: faea9dee56b520b55a566385b84f2e8de55e7496104adada9962e0bd11bcff1d
      url: "https://pub.dev"
    source: hosted
    version: "1.0.4"
  xml:
    dependency: transitive
    description:
      name: xml
      sha256: b015a8ad1c488f66851d762d3090a21c600e479dc75e68328c52774040cf9226
      url: "https://pub.dev"
    source: hosted
    version: "6.5.0"
  yaml:
    dependency: transitive
    description:
      name: yaml
      sha256: "75769501ea3489fca56601ff33454fe45507ea3bfb014161abc3b43ae25989d5"
      url: "https://pub.dev"
    source: hosted
    version: "3.1.2"
sdks:
  dart: ">=3.2.4 <4.0.0"
  flutter: ">=3.16.0"
